
Microsoft Visual Studio Solution File, Format Version 12.00
# Visual Studio Version 16
VisualStudioVersion = 16.0.30907.101
MinimumVisualStudioVersion = 10.0.40219.1
Project("{FAE04EC0-301F-11D3-BF4B-00C04F79EFBC}") = "NexoApplication", "Nexo-Application\NexoApplication.csproj", "{61C2C095-72C0-4C5F-ADEB-FF768B906F8A}"
EndProject
Global
	GlobalSection(SolutionConfigurationPlatforms) = preSolution
		Debug|Any CPU = Debug|Any CPU
		Release|Any CPU = Release|Any CPU
	EndGlobalSection
	GlobalSection(ProjectConfigurationPlatforms) = postSolution
		{61C2C095-72C0-4C5F-ADEB-FF768B906F8A}.Debug|Any CPU.ActiveCfg = Debug|Any CPU
		{61C2C095-72C0-4C5F-ADEB-FF768B906F8A}.Debug|Any CPU.Build.0 = Debug|Any CPU
		{61C2C095-72C0-4C5F-ADEB-FF768B906F8A}.Release|Any CPU.ActiveCfg = Release|Any CPU
		{61C2C095-72C0-4C5F-ADEB-FF768B906F8A}.Release|Any CPU.Build.0 = Release|Any CPU
	EndGlobalSection
	GlobalSection(SolutionProperties) = preSolution
		HideSolutionNode = FALSE
	EndGlobalSection
	GlobalSection(ExtensibilityGlobals) = postSolution
		SolutionGuid = {0880E845-6E2F-40AF-9D31-392FABA4DD12}
	EndGlobalSection
EndGlobal
